
Microsoft Visual Studio Solution File, Format Version 12.00
# Visual Studio Version 17
VisualStudioVersion = 17.5.002.0
MinimumVisualStudioVersion = 10.0.40219.1
Project("{9A19103F-16F7-4668-BE54-9A1E7A4F7556}") = "FarenheitCelcius", "FarenheitCelcius.csproj", "{130F2861-516A-4BBB-AEA0-69A9D32B608F}"
EndProject
Global
	GlobalSection(SolutionConfigurationPlatforms) = preSolution
		Debug|Any CPU = Debug|Any CPU
		Release|Any CPU = Release|Any CPU
	EndGlobalSection
	GlobalSection(ProjectConfigurationPlatforms) = postSolution
		{130F2861-516A-4BBB-AEA0-69A9D32B608F}.Debug|Any CPU.ActiveCfg = Debug|Any CPU
		{130F2861-516A-4BBB-AEA0-69A9D32B608F}.Debug|Any CPU.Build.0 = Debug|Any CPU
		{130F2861-516A-4BBB-AEA0-69A9D32B608F}.Release|Any CPU.ActiveCfg = Release|Any CPU
		{130F2861-516A-4BBB-AEA0-69A9D32B608F}.Release|Any CPU.Build.0 = Release|Any CPU
	EndGlobalSection
	GlobalSection(SolutionProperties) = preSolution
		HideSolutionNode = FALSE
	EndGlobalSection
	GlobalSection(ExtensibilityGlobals) = postSolution
		SolutionGuid = {FE7BE29B-2F2A-4213-AB5A-D2FC83BED3A1}
	EndGlobalSection
EndGlobal
