
Microsoft Visual Studio Solution File, Format Version 12.00
# Visual Studio Version 17
VisualStudioVersion = 17.5.002.0
MinimumVisualStudioVersion = 10.0.40219.1
Project("{9A19103F-16F7-4668-BE54-9A1E7A4F7556}") = "HelloWorld", "HelloWorld\HelloWorld.csproj", "{241EA703-8FA0-4C46-848E-A1AEF80F07A7}"
EndProject
Project("{2150E333-8FDC-42A3-9474-1A3956D46DE8}") = "Kap-1", "Kap-1", "{EBDFE93D-68F6-474C-BAAC-372C15F47FC3}"
EndProject
Project("{9A19103F-16F7-4668-BE54-9A1E7A4F7556}") = "Lucktext", "Kap-1\Lucktext\Lucktext.csproj", "{63D5C775-7918-4256-8EEE-4FA4E469AABE}"
EndProject
Project("{9A19103F-16F7-4668-BE54-9A1E7A4F7556}") = "Registrering", "Kap-1\Registrering\Registrering.csproj", "{A3B2C978-B0CB-4307-8344-1CDFB64AA846}"
EndProject
Project("{2150E333-8FDC-42A3-9474-1A3956D46DE8}") = "Kap-3", "Kap-3", "{BDB33F8B-6B86-4D45-90ED-4DFACF1B9044}"
EndProject
Project("{9A19103F-16F7-4668-BE54-9A1E7A4F7556}") = "EngChart", "Kap-3\EngChart\EngChart.csproj", "{F5BF7402-B74E-4891-9C84-6EC68EFC693F}"
EndProject
Global
	GlobalSection(SolutionConfigurationPlatforms) = preSolution
		Debug|Any CPU = Debug|Any CPU
		Release|Any CPU = Release|Any CPU
	EndGlobalSection
	GlobalSection(ProjectConfigurationPlatforms) = postSolution
		{241EA703-8FA0-4C46-848E-A1AEF80F07A7}.Debug|Any CPU.ActiveCfg = Debug|Any CPU
		{241EA703-8FA0-4C46-848E-A1AEF80F07A7}.Debug|Any CPU.Build.0 = Debug|Any CPU
		{241EA703-8FA0-4C46-848E-A1AEF80F07A7}.Release|Any CPU.ActiveCfg = Release|Any CPU
		{241EA703-8FA0-4C46-848E-A1AEF80F07A7}.Release|Any CPU.Build.0 = Release|Any CPU
		{63D5C775-7918-4256-8EEE-4FA4E469AABE}.Debug|Any CPU.ActiveCfg = Debug|Any CPU
		{63D5C775-7918-4256-8EEE-4FA4E469AABE}.Debug|Any CPU.Build.0 = Debug|Any CPU
		{63D5C775-7918-4256-8EEE-4FA4E469AABE}.Release|Any CPU.ActiveCfg = Release|Any CPU
		{63D5C775-7918-4256-8EEE-4FA4E469AABE}.Release|Any CPU.Build.0 = Release|Any CPU
		{A3B2C978-B0CB-4307-8344-1CDFB64AA846}.Debug|Any CPU.ActiveCfg = Debug|Any CPU
		{A3B2C978-B0CB-4307-8344-1CDFB64AA846}.Debug|Any CPU.Build.0 = Debug|Any CPU
		{A3B2C978-B0CB-4307-8344-1CDFB64AA846}.Release|Any CPU.ActiveCfg = Release|Any CPU
		{A3B2C978-B0CB-4307-8344-1CDFB64AA846}.Release|Any CPU.Build.0 = Release|Any CPU
		{F5BF7402-B74E-4891-9C84-6EC68EFC693F}.Debug|Any CPU.ActiveCfg = Debug|Any CPU
		{F5BF7402-B74E-4891-9C84-6EC68EFC693F}.Debug|Any CPU.Build.0 = Debug|Any CPU
		{F5BF7402-B74E-4891-9C84-6EC68EFC693F}.Release|Any CPU.ActiveCfg = Release|Any CPU
		{F5BF7402-B74E-4891-9C84-6EC68EFC693F}.Release|Any CPU.Build.0 = Release|Any CPU
	EndGlobalSection
	GlobalSection(SolutionProperties) = preSolution
		HideSolutionNode = FALSE
	EndGlobalSection
	GlobalSection(NestedProjects) = preSolution
		{63D5C775-7918-4256-8EEE-4FA4E469AABE} = {EBDFE93D-68F6-474C-BAAC-372C15F47FC3}
		{A3B2C978-B0CB-4307-8344-1CDFB64AA846} = {EBDFE93D-68F6-474C-BAAC-372C15F47FC3}
		{F5BF7402-B74E-4891-9C84-6EC68EFC693F} = {BDB33F8B-6B86-4D45-90ED-4DFACF1B9044}
	EndGlobalSection
	GlobalSection(ExtensibilityGlobals) = postSolution
		SolutionGuid = {7BA89F04-A7CB-4519-8A7E-AF8EFA138AC3}
	EndGlobalSection
EndGlobal
