
Microsoft Visual Studio Solution File, Format Version 12.00
# Visual Studio Version 17
VisualStudioVersion = 17.5.002.0
MinimumVisualStudioVersion = 10.0.40219.1
Project("{9A19103F-16F7-4668-BE54-9A1E7A4F7556}") = "InteractivStory", "InteractivStory.csproj", "{7B766A9C-8EE1-424C-96FE-4E4A607476F8}"
EndProject
Global
	GlobalSection(SolutionConfigurationPlatforms) = preSolution
		Debug|Any CPU = Debug|Any CPU
		Release|Any CPU = Release|Any CPU
	EndGlobalSection
	GlobalSection(ProjectConfigurationPlatforms) = postSolution
		{7B766A9C-8EE1-424C-96FE-4E4A607476F8}.Debug|Any CPU.ActiveCfg = Debug|Any CPU
		{7B766A9C-8EE1-424C-96FE-4E4A607476F8}.Debug|Any CPU.Build.0 = Debug|Any CPU
		{7B766A9C-8EE1-424C-96FE-4E4A607476F8}.Release|Any CPU.ActiveCfg = Release|Any CPU
		{7B766A9C-8EE1-424C-96FE-4E4A607476F8}.Release|Any CPU.Build.0 = Release|Any CPU
	EndGlobalSection
	GlobalSection(SolutionProperties) = preSolution
		HideSolutionNode = FALSE
	EndGlobalSection
	GlobalSection(ExtensibilityGlobals) = postSolution
		SolutionGuid = {9F796E27-AA56-4005-8EB3-6E40ADBD7CAF}
	EndGlobalSection
EndGlobal
