
Microsoft Visual Studio Solution File, Format Version 12.00
# Visual Studio Version 17
VisualStudioVersion = 17.5.002.0
MinimumVisualStudioVersion = 10.0.40219.1
Project("{9A19103F-16F7-4668-BE54-9A1E7A4F7556}") = "ForLoopTryParse", "ForLoopTryParse.csproj", "{DF7D40B2-3126-4174-89B5-EE5097BD5197}"
EndProject
Global
	GlobalSection(SolutionConfigurationPlatforms) = preSolution
		Debug|Any CPU = Debug|Any CPU
		Release|Any CPU = Release|Any CPU
	EndGlobalSection
	GlobalSection(ProjectConfigurationPlatforms) = postSolution
		{DF7D40B2-3126-4174-89B5-EE5097BD5197}.Debug|Any CPU.ActiveCfg = Debug|Any CPU
		{DF7D40B2-3126-4174-89B5-EE5097BD5197}.Debug|Any CPU.Build.0 = Debug|Any CPU
		{DF7D40B2-3126-4174-89B5-EE5097BD5197}.Release|Any CPU.ActiveCfg = Release|Any CPU
		{DF7D40B2-3126-4174-89B5-EE5097BD5197}.Release|Any CPU.Build.0 = Release|Any CPU
	EndGlobalSection
	GlobalSection(SolutionProperties) = preSolution
		HideSolutionNode = FALSE
	EndGlobalSection
	GlobalSection(ExtensibilityGlobals) = postSolution
		SolutionGuid = {481F5933-E676-4ABF-BE7A-70701A188E9A}
	EndGlobalSection
EndGlobal
