
Microsoft Visual Studio Solution File, Format Version 12.00
# Visual Studio Version 17
VisualStudioVersion = 17.5.002.0
MinimumVisualStudioVersion = 10.0.40219.1
Project("{9A19103F-16F7-4668-BE54-9A1E7A4F7556}") = "Loopar1", "Loopar1.csproj", "{05F55204-61C2-470E-99F6-52DF7AB8CD32}"
EndProject
Global
	GlobalSection(SolutionConfigurationPlatforms) = preSolution
		Debug|Any CPU = Debug|Any CPU
		Release|Any CPU = Release|Any CPU
	EndGlobalSection
	GlobalSection(ProjectConfigurationPlatforms) = postSolution
		{05F55204-61C2-470E-99F6-52DF7AB8CD32}.Debug|Any CPU.ActiveCfg = Debug|Any CPU
		{05F55204-61C2-470E-99F6-52DF7AB8CD32}.Debug|Any CPU.Build.0 = Debug|Any CPU
		{05F55204-61C2-470E-99F6-52DF7AB8CD32}.Release|Any CPU.ActiveCfg = Release|Any CPU
		{05F55204-61C2-470E-99F6-52DF7AB8CD32}.Release|Any CPU.Build.0 = Release|Any CPU
	EndGlobalSection
	GlobalSection(SolutionProperties) = preSolution
		HideSolutionNode = FALSE
	EndGlobalSection
	GlobalSection(ExtensibilityGlobals) = postSolution
		SolutionGuid = {D98CAE6B-F172-49AB-903B-F74FF4295581}
	EndGlobalSection
EndGlobal
