
Microsoft Visual Studio Solution File, Format Version 12.00
# Visual Studio Version 17
VisualStudioVersion = 17.5.002.0
MinimumVisualStudioVersion = 10.0.40219.1
Project("{9A19103F-16F7-4668-BE54-9A1E7A4F7556}") = "ForloopBonanza", "ForloopBonanza.csproj", "{B9359125-FD9B-4329-8C70-3535DD51D54A}"
EndProject
Global
	GlobalSection(SolutionConfigurationPlatforms) = preSolution
		Debug|Any CPU = Debug|Any CPU
		Release|Any CPU = Release|Any CPU
	EndGlobalSection
	GlobalSection(ProjectConfigurationPlatforms) = postSolution
		{B9359125-FD9B-4329-8C70-3535DD51D54A}.Debug|Any CPU.ActiveCfg = Debug|Any CPU
		{B9359125-FD9B-4329-8C70-3535DD51D54A}.Debug|Any CPU.Build.0 = Debug|Any CPU
		{B9359125-FD9B-4329-8C70-3535DD51D54A}.Release|Any CPU.ActiveCfg = Release|Any CPU
		{B9359125-FD9B-4329-8C70-3535DD51D54A}.Release|Any CPU.Build.0 = Release|Any CPU
	EndGlobalSection
	GlobalSection(SolutionProperties) = preSolution
		HideSolutionNode = FALSE
	EndGlobalSection
	GlobalSection(ExtensibilityGlobals) = postSolution
		SolutionGuid = {45D98447-D389-43D6-A4E1-10EC726EDE8A}
	EndGlobalSection
EndGlobal
